
Microsoft Visual Studio Solution File, Format Version 12.00
# Visual Studio 15
VisualStudioVersion = 15.0.28010.2046
MinimumVisualStudioVersion = 10.0.40219.1
Project("{8BC9CEB8-8B4A-11D0-8D11-00A0C91BC942}") = "Project2 - gra", "Project2 - gra\Project2 - gra.vcxproj", "{E319AD03-CC62-4D9E-A4F9-F06E088AE65E}"
EndProject
Global
	GlobalSection(SolutionConfigurationPlatforms) = preSolution
		Debug|x64 = Debug|x64
		Debug|x86 = Debug|x86
		Release|x64 = Release|x64
		Release|x86 = Release|x86
	EndGlobalSection
	GlobalSection(ProjectConfigurationPlatforms) = postSolution
		{E319AD03-CC62-4D9E-A4F9-F06E088AE65E}.Debug|x64.ActiveCfg = Debug|x64
		{E319AD03-CC62-4D9E-A4F9-F06E088AE65E}.Debug|x64.Build.0 = Debug|x64
		{E319AD03-CC62-4D9E-A4F9-F06E088AE65E}.Debug|x86.ActiveCfg = Debug|Win32
		{E319AD03-CC62-4D9E-A4F9-F06E088AE65E}.Debug|x86.Build.0 = Debug|Win32
		{E319AD03-CC62-4D9E-A4F9-F06E088AE65E}.Release|x64.ActiveCfg = Release|x64
		{E319AD03-CC62-4D9E-A4F9-F06E088AE65E}.Release|x64.Build.0 = Release|x64
		{E319AD03-CC62-4D9E-A4F9-F06E088AE65E}.Release|x86.ActiveCfg = Release|Win32
		{E319AD03-CC62-4D9E-A4F9-F06E088AE65E}.Release|x86.Build.0 = Release|Win32
	EndGlobalSection
	GlobalSection(SolutionProperties) = preSolution
		HideSolutionNode = FALSE
	EndGlobalSection
	GlobalSection(ExtensibilityGlobals) = postSolution
		SolutionGuid = {F8301833-C345-47E2-88CE-7F6E6E769DE5}
	EndGlobalSection
EndGlobal
